
Microsoft Visual Studio Solution File, Format Version 12.00
# Visual Studio Version 16
VisualStudioVersion = 16.0.30114.105
MinimumVisualStudioVersion = 10.0.40219.1
Project("{FAE04EC0-301F-11D3-BF4B-00C04F79EFBC}") = "HtmlDiff", "HtmlDiff\HtmlDiff.csproj", "{2503A794-2B7F-40E4-A5CE-DEE4B9DB3FAA}"
EndProject
Project("{FAE04EC0-301F-11D3-BF4B-00C04F79EFBC}") = "Demo", "Demo\Demo.csproj", "{8827AB5E-7C08-49DE-BF3C-C2D5B7AD4990}"
EndProject
Global
	GlobalSection(SolutionConfigurationPlatforms) = preSolution
		Debug|Any CPU = Debug|Any CPU
		Release|Any CPU = Release|Any CPU
	EndGlobalSection
	GlobalSection(SolutionProperties) = preSolution
		HideSolutionNode = FALSE
	EndGlobalSection
	GlobalSection(ProjectConfigurationPlatforms) = postSolution
		{2503A794-2B7F-40E4-A5CE-DEE4B9DB3FAA}.Debug|Any CPU.ActiveCfg = Debug|Any CPU
		{2503A794-2B7F-40E4-A5CE-DEE4B9DB3FAA}.Debug|Any CPU.Build.0 = Debug|Any CPU
		{2503A794-2B7F-40E4-A5CE-DEE4B9DB3FAA}.Release|Any CPU.ActiveCfg = Release|Any CPU
		{2503A794-2B7F-40E4-A5CE-DEE4B9DB3FAA}.Release|Any CPU.Build.0 = Release|Any CPU
		{8827AB5E-7C08-49DE-BF3C-C2D5B7AD4990}.Debug|Any CPU.ActiveCfg = Debug|Any CPU
		{8827AB5E-7C08-49DE-BF3C-C2D5B7AD4990}.Debug|Any CPU.Build.0 = Debug|Any CPU
		{8827AB5E-7C08-49DE-BF3C-C2D5B7AD4990}.Release|Any CPU.ActiveCfg = Release|Any CPU
		{8827AB5E-7C08-49DE-BF3C-C2D5B7AD4990}.Release|Any CPU.Build.0 = Release|Any CPU
	EndGlobalSection
EndGlobal
